
Microsoft Visual Studio Solution File, Format Version 12.00
# Visual Studio Version 17
VisualStudioVersion = 17.2.32516.85
MinimumVisualStudioVersion = 10.0.40219.1
Project("{9A19103F-16F7-4668-BE54-9A1E7A4F7556}") = "DapperCvApp.Entities", "DapperCvApp.Entities\DapperCvApp.Entities.csproj", "{5C814986-2026-4098-B607-F1B06105528B}"
EndProject
Project("{FAE04EC0-301F-11D3-BF4B-00C04F79EFBC}") = "DapperCvApp.DataAccess", "DapperCvApp.DataAccess\DapperCvApp.DataAccess.csproj", "{AAEA7ACE-7991-40EA-A020-17AB53EB8E18}"
EndProject
Project("{FAE04EC0-301F-11D3-BF4B-00C04F79EFBC}") = "DapperCvApp.DTO", "DapperCvApp.DTO\DapperCvApp.DTO.csproj", "{04AAB5EA-F6EB-4EE6-9F54-03A7FDD9505D}"
EndProject
Project("{FAE04EC0-301F-11D3-BF4B-00C04F79EFBC}") = "DapperCvApp.Business", "DapperCvApp.Business\DapperCvApp.Business.csproj", "{D36421F7-D4DD-4F10-8EF5-561519FE6EDA}"
EndProject
Project("{FAE04EC0-301F-11D3-BF4B-00C04F79EFBC}") = "DapperCvApp.UI", "DapperCvApp.UI\DapperCvApp.UI.csproj", "{CE2DF020-3A9E-456E-AD8D-70B9BF309CC5}"
EndProject
Global
	GlobalSection(SolutionConfigurationPlatforms) = preSolution
		Debug|Any CPU = Debug|Any CPU
		Release|Any CPU = Release|Any CPU
	EndGlobalSection
	GlobalSection(ProjectConfigurationPlatforms) = postSolution
		{5C814986-2026-4098-B607-F1B06105528B}.Debug|Any CPU.ActiveCfg = Debug|Any CPU
		{5C814986-2026-4098-B607-F1B06105528B}.Debug|Any CPU.Build.0 = Debug|Any CPU
		{5C814986-2026-4098-B607-F1B06105528B}.Release|Any CPU.ActiveCfg = Release|Any CPU
		{5C814986-2026-4098-B607-F1B06105528B}.Release|Any CPU.Build.0 = Release|Any CPU
		{AAEA7ACE-7991-40EA-A020-17AB53EB8E18}.Debug|Any CPU.ActiveCfg = Debug|Any CPU
		{AAEA7ACE-7991-40EA-A020-17AB53EB8E18}.Debug|Any CPU.Build.0 = Debug|Any CPU
		{AAEA7ACE-7991-40EA-A020-17AB53EB8E18}.Release|Any CPU.ActiveCfg = Release|Any CPU
		{AAEA7ACE-7991-40EA-A020-17AB53EB8E18}.Release|Any CPU.Build.0 = Release|Any CPU
		{04AAB5EA-F6EB-4EE6-9F54-03A7FDD9505D}.Debug|Any CPU.ActiveCfg = Debug|Any CPU
		{04AAB5EA-F6EB-4EE6-9F54-03A7FDD9505D}.Debug|Any CPU.Build.0 = Debug|Any CPU
		{04AAB5EA-F6EB-4EE6-9F54-03A7FDD9505D}.Release|Any CPU.ActiveCfg = Release|Any CPU
		{04AAB5EA-F6EB-4EE6-9F54-03A7FDD9505D}.Release|Any CPU.Build.0 = Release|Any CPU
		{D36421F7-D4DD-4F10-8EF5-561519FE6EDA}.Debug|Any CPU.ActiveCfg = Debug|Any CPU
		{D36421F7-D4DD-4F10-8EF5-561519FE6EDA}.Debug|Any CPU.Build.0 = Debug|Any CPU
		{D36421F7-D4DD-4F10-8EF5-561519FE6EDA}.Release|Any CPU.ActiveCfg = Release|Any CPU
		{D36421F7-D4DD-4F10-8EF5-561519FE6EDA}.Release|Any CPU.Build.0 = Release|Any CPU
		{CE2DF020-3A9E-456E-AD8D-70B9BF309CC5}.Debug|Any CPU.ActiveCfg = Debug|Any CPU
		{CE2DF020-3A9E-456E-AD8D-70B9BF309CC5}.Debug|Any CPU.Build.0 = Debug|Any CPU
		{CE2DF020-3A9E-456E-AD8D-70B9BF309CC5}.Release|Any CPU.ActiveCfg = Release|Any CPU
		{CE2DF020-3A9E-456E-AD8D-70B9BF309CC5}.Release|Any CPU.Build.0 = Release|Any CPU
	EndGlobalSection
	GlobalSection(SolutionProperties) = preSolution
		HideSolutionNode = FALSE
	EndGlobalSection
	GlobalSection(ExtensibilityGlobals) = postSolution
		SolutionGuid = {4A824B3A-5074-429B-825C-CCFC652D74FE}
	EndGlobalSection
EndGlobal
